
Microsoft Visual Studio Solution File, Format Version 12.00
# Visual Studio 15
VisualStudioVersion = 15.0.28307.757
MinimumVisualStudioVersion = 10.0.40219.1
Project("{9A19103F-16F7-4668-BE54-9A1E7A4F7556}") = "TemplatingEngine", "TemplatingEngine\TemplatingEngine.csproj", "{47D527B1-0FA5-41C6-9453-250125A5B1BA}"
EndProject
Project("{9A19103F-16F7-4668-BE54-9A1E7A4F7556}") = "Infrastructure", "Infrastructure\Infrastructure.csproj", "{6FD104AC-90C2-427C-8722-90BBF3A245C9}"
EndProject
Global
	GlobalSection(SolutionConfigurationPlatforms) = preSolution
		Debug|Any CPU = Debug|Any CPU
		Release|Any CPU = Release|Any CPU
	EndGlobalSection
	GlobalSection(ProjectConfigurationPlatforms) = postSolution
		{47D527B1-0FA5-41C6-9453-250125A5B1BA}.Debug|Any CPU.ActiveCfg = Debug|Any CPU
		{47D527B1-0FA5-41C6-9453-250125A5B1BA}.Debug|Any CPU.Build.0 = Debug|Any CPU
		{47D527B1-0FA5-41C6-9453-250125A5B1BA}.Release|Any CPU.ActiveCfg = Release|Any CPU
		{47D527B1-0FA5-41C6-9453-250125A5B1BA}.Release|Any CPU.Build.0 = Release|Any CPU
		{6FD104AC-90C2-427C-8722-90BBF3A245C9}.Debug|Any CPU.ActiveCfg = Debug|Any CPU
		{6FD104AC-90C2-427C-8722-90BBF3A245C9}.Debug|Any CPU.Build.0 = Debug|Any CPU
		{6FD104AC-90C2-427C-8722-90BBF3A245C9}.Release|Any CPU.ActiveCfg = Release|Any CPU
		{6FD104AC-90C2-427C-8722-90BBF3A245C9}.Release|Any CPU.Build.0 = Release|Any CPU
	EndGlobalSection
	GlobalSection(SolutionProperties) = preSolution
		HideSolutionNode = FALSE
	EndGlobalSection
	GlobalSection(ExtensibilityGlobals) = postSolution
		SolutionGuid = {751C17B5-47E9-4453-A3B9-49162DAB9F38}
	EndGlobalSection
EndGlobal
